{
  "meteor": {},
  "dependencies": {
    "basePackages": {
      "router": {},
      "font-awesome": {},
      "npm": {}
    },
    "packages": {
      "router": {
        "git": "https://github.com/tmeasday/meteor-router.git",
        "tag": "v0.5.3",
        "commit": "7bd3a1bdd1099625bb8b49406d9b8f961d6f4a17"
      },
      "font-awesome": {
        "git": "https://github.com/nate-strauser/meteor-font-awesome.git",
        "tag": "v3.2.0",
        "commit": "2cba6f907a2579cae2d399b522f9544c13d5e091"
      },
      "npm": {
        "git": "https://github.com/arunoda/meteor-npm.git",
        "tag": "v0.1.4",
        "commit": "68ab2b952ab21a5bbba879b37be9385ec8ff6d63"
      },
      "page-js-ie-support": {
        "git": "https://github.com/tmeasday/meteor-page-js-ie-support.git",
        "tag": "v1.3.5",
        "commit": "b99ed8380aefd10b2afc8f18d9eed4dd0d8ea9cb"
      }
    }
  }
}
